// !$*UTF8*$!
{
	archiveVersion = 1;
	classes = {
	};
	objectVersion = 50;
	objects = {

/* Begin PBXBuildFile section */
		E982554423720D1200E94770 /* AppDelegate.swift in Sources */ = {isa = PBXBuildFile; fileRef = E982554323720D1200E94770 /* AppDelegate.swift */; };
		E982554623720D1200E94770 /* RecetteDetail.swift in Sources */ = {isa = PBXBuildFile; fileRef = E982554523720D1200E94770 /* RecetteDetail.swift */; };
		E982554823720D1800E94770 /* Assets.xcassets in Resources */ = {isa = PBXBuildFile; fileRef = E982554723720D1800E94770 /* Assets.xcassets */; };
		E982554B23720D1800E94770 /* Preview Assets.xcassets in Resources */ = {isa = PBXBuildFile; fileRef = E982554A23720D1800E94770 /* Preview Assets.xcassets */; };
		E982554E23720D1800E94770 /* LaunchScreen.storyboard in Resources */ = {isa = PBXBuildFile; fileRef = E982554C23720D1800E94770 /* LaunchScreen.storyboard */; };
		E982555923720D1800E94770 /* kitchenTests.swift in Sources */ = {isa = PBXBuildFile; fileRef = E982555823720D1800E94770 /* kitchenTests.swift */; };
		E982556423720D1800E94770 /* kitchenUITests.swift in Sources */ = {isa = PBXBuildFile; fileRef = E982556323720D1800E94770 /* kitchenUITests.swift */; };
		E9825573237212D600E94770 /* turtlerock.jpg in Resources */ = {isa = PBXBuildFile; fileRef = E9825572237212D600E94770 /* turtlerock.jpg */; };
		E98255752372138B00E94770 /* CircleImage.swift in Sources */ = {isa = PBXBuildFile; fileRef = E98255742372138B00E94770 /* CircleImage.swift */; };
		E982557B237219AD00E94770 /* MapView.swift in Sources */ = {isa = PBXBuildFile; fileRef = E982557A237219AD00E94770 /* MapView.swift */; };
		E982557E2372236400E94770 /* Recette.swift in Sources */ = {isa = PBXBuildFile; fileRef = E982557D2372236400E94770 /* Recette.swift */; };
		E98255802372262A00E94770 /* Data.swift in Sources */ = {isa = PBXBuildFile; fileRef = E982557F2372262A00E94770 /* Data.swift */; };
		E98255822372268C00E94770 /* recettes.json in Resources */ = {isa = PBXBuildFile; fileRef = E98255812372268C00E94770 /* recettes.json */; };
		E98255842372298E00E94770 /* LigneRecette.swift in Sources */ = {isa = PBXBuildFile; fileRef = E98255832372298E00E94770 /* LigneRecette.swift */; };
		E982558823722A9900E94770 /* carbonade-flamande.jpg in Resources */ = {isa = PBXBuildFile; fileRef = E982558523722A9800E94770 /* carbonade-flamande.jpg */; };
		E982558923722A9900E94770 /* boeuf-bourguinon.jpg in Resources */ = {isa = PBXBuildFile; fileRef = E982558623722A9800E94770 /* boeuf-bourguinon.jpg */; };
		E982558A23722A9900E94770 /* steak-frites.jpg in Resources */ = {isa = PBXBuildFile; fileRef = E982558723722A9800E94770 /* steak-frites.jpg */; };
		E982558C23722C0F00E94770 /* ListeRecette.swift in Sources */ = {isa = PBXBuildFile; fileRef = E982558B23722C0F00E94770 /* ListeRecette.swift */; };
/* End PBXBuildFile section */

/* Begin PBXContainerItemProxy section */
		E982555523720D1800E94770 /* PBXContainerItemProxy */ = {
			isa = PBXContainerItemProxy;
			containerPortal = E982553823720D1200E94770 /* Project object */;
			proxyType = 1;
			remoteGlobalIDString = E982553F23720D1200E94770;
			remoteInfo = kitchen;
		};
		E982556023720D1800E94770 /* PBXContainerItemProxy */ = {
			isa = PBXContainerItemProxy;
			containerPortal = E982553823720D1200E94770 /* Project object */;
			proxyType = 1;
			remoteGlobalIDString = E982553F23720D1200E94770;
			remoteInfo = kitchen;
		};
/* End PBXContainerItemProxy section */

/* Begin PBXFileReference section */
		E982554023720D1200E94770 /* kitchen.app */ = {isa = PBXFileReference; explicitFileType = wrapper.application; includeInIndex = 0; path = kitchen.app; sourceTree = BUILT_PRODUCTS_DIR; };
		E982554323720D1200E94770 /* AppDelegate.swift */ = {isa = PBXFileReference; lastKnownFileType = sourcecode.swift; path = AppDelegate.swift; sourceTree = "<group>"; };
		E982554523720D1200E94770 /* RecetteDetail.swift */ = {isa = PBXFileReference; lastKnownFileType = sourcecode.swift; path = RecetteDetail.swift; sourceTree = "<group>"; };
		E982554723720D1800E94770 /* Assets.xcassets */ = {isa = PBXFileReference; lastKnownFileType = folder.assetcatalog; path = Assets.xcassets; sourceTree = "<group>"; };
		E982554A23720D1800E94770 /* Preview Assets.xcassets */ = {isa = PBXFileReference; lastKnownFileType = folder.assetcatalog; path = "Preview Assets.xcassets"; sourceTree = "<group>"; };
		E982554D23720D1800E94770 /* Base */ = {isa = PBXFileReference; lastKnownFileType = file.storyboard; name = Base; path = Base.lproj/LaunchScreen.storyboard; sourceTree = "<group>"; };
		E982554F23720D1800E94770 /* Info.plist */ = {isa = PBXFileReference; lastKnownFileType = text.plist.xml; path = Info.plist; sourceTree = "<group>"; };
		E982555423720D1800E94770 /* kitchenTests.xctest */ = {isa = PBXFileReference; explicitFileType = wrapper.cfbundle; includeInIndex = 0; path = kitchenTests.xctest; sourceTree = BUILT_PRODUCTS_DIR; };
		E982555823720D1800E94770 /* kitchenTests.swift */ = {isa = PBXFileReference; lastKnownFileType = sourcecode.swift; path = kitchenTests.swift; sourceTree = "<group>"; };
		E982555A23720D1800E94770 /* Info.plist */ = {isa = PBXFileReference; lastKnownFileType = text.plist.xml; path = Info.plist; sourceTree = "<group>"; };
		E982555F23720D1800E94770 /* kitchenUITests.xctest */ = {isa = PBXFileReference; explicitFileType = wrapper.cfbundle; includeInIndex = 0; path = kitchenUITests.xctest; sourceTree = BUILT_PRODUCTS_DIR; };
		E982556323720D1800E94770 /* kitchenUITests.swift */ = {isa = PBXFileReference; lastKnownFileType = sourcecode.swift; path = kitchenUITests.swift; sourceTree = "<group>"; };
		E982556523720D1800E94770 /* Info.plist */ = {isa = PBXFileReference; lastKnownFileType = text.plist.xml; path = Info.plist; sourceTree = "<group>"; };
		E9825572237212D600E94770 /* turtlerock.jpg */ = {isa = PBXFileReference; lastKnownFileType = image.jpeg; path = turtlerock.jpg; sourceTree = "<group>"; };
		E98255742372138B00E94770 /* CircleImage.swift */ = {isa = PBXFileReference; lastKnownFileType = sourcecode.swift; path = CircleImage.swift; sourceTree = "<group>"; };
		E982557A237219AD00E94770 /* MapView.swift */ = {isa = PBXFileReference; lastKnownFileType = sourcecode.swift; path = MapView.swift; sourceTree = "<group>"; };
		E982557D2372236400E94770 /* Recette.swift */ = {isa = PBXFileReference; lastKnownFileType = sourcecode.swift; path = Recette.swift; sourceTree = "<group>"; };
		E982557F2372262A00E94770 /* Data.swift */ = {isa = PBXFileReference; lastKnownFileType = sourcecode.swift; path = Data.swift; sourceTree = "<group>"; };
		E98255812372268C00E94770 /* recettes.json */ = {isa = PBXFileReference; lastKnownFileType = text.json; path = recettes.json; sourceTree = "<group>"; };
		E98255832372298E00E94770 /* LigneRecette.swift */ = {isa = PBXFileReference; lastKnownFileType = sourcecode.swift; path = LigneRecette.swift; sourceTree = "<group>"; };
		E982558523722A9800E94770 /* carbonade-flamande.jpg */ = {isa = PBXFileReference; lastKnownFileType = image.jpeg; path = "carbonade-flamande.jpg"; sourceTree = "<group>"; };
		E982558623722A9800E94770 /* boeuf-bourguinon.jpg */ = {isa = PBXFileReference; lastKnownFileType = image.jpeg; path = "boeuf-bourguinon.jpg"; sourceTree = "<group>"; };
		E982558723722A9800E94770 /* steak-frites.jpg */ = {isa = PBXFileReference; lastKnownFileType = image.jpeg; path = "steak-frites.jpg"; sourceTree = "<group>"; };
		E982558B23722C0F00E94770 /* ListeRecette.swift */ = {isa = PBXFileReference; lastKnownFileType = sourcecode.swift; path = ListeRecette.swift; sourceTree = "<group>"; };
/* End PBXFileReference section */

/* Begin PBXFrameworksBuildPhase section */
		E982553D23720D1200E94770 /* Frameworks */ = {
			isa = PBXFrameworksBuildPhase;
			buildActionMask = 2147483647;
			files = (
			);
			runOnlyForDeploymentPostprocessing = 0;
		};
		E982555123720D1800E94770 /* Frameworks */ = {
			isa = PBXFrameworksBuildPhase;
			buildActionMask = 2147483647;
			files = (
			);
			runOnlyForDeploymentPostprocessing = 0;
		};
		E982555C23720D1800E94770 /* Frameworks */ = {
			isa = PBXFrameworksBuildPhase;
			buildActionMask = 2147483647;
			files = (
			);
			runOnlyForDeploymentPostprocessing = 0;
		};
/* End PBXFrameworksBuildPhase section */

/* Begin PBXGroup section */
		E982553723720D1200E94770 = {
			isa = PBXGroup;
			children = (
				E9825571237211FE00E94770 /* Ressources */,
				E982554223720D1200E94770 /* kitchen */,
				E982555723720D1800E94770 /* kitchenTests */,
				E982556223720D1800E94770 /* kitchenUITests */,
				E982554123720D1200E94770 /* Products */,
			);
			sourceTree = "<group>";
		};
		E982554123720D1200E94770 /* Products */ = {
			isa = PBXGroup;
			children = (
				E982554023720D1200E94770 /* kitchen.app */,
				E982555423720D1800E94770 /* kitchenTests.xctest */,
				E982555F23720D1800E94770 /* kitchenUITests.xctest */,
			);
			name = Products;
			sourceTree = "<group>";
		};
		E982554223720D1200E94770 /* kitchen */ = {
			isa = PBXGroup;
			children = (
				E982557C2372234200E94770 /* Models */,
				E982554323720D1200E94770 /* AppDelegate.swift */,
				E982554523720D1200E94770 /* RecetteDetail.swift */,
				E982554723720D1800E94770 /* Assets.xcassets */,
				E982554C23720D1800E94770 /* LaunchScreen.storyboard */,
				E982554F23720D1800E94770 /* Info.plist */,
				E982554923720D1800E94770 /* Preview Content */,
				E98255742372138B00E94770 /* CircleImage.swift */,
				E982557A237219AD00E94770 /* MapView.swift */,
				E98255832372298E00E94770 /* LigneRecette.swift */,
				E982558B23722C0F00E94770 /* ListeRecette.swift */,
			);
			path = kitchen;
			sourceTree = "<group>";
		};
		E982554923720D1800E94770 /* Preview Content */ = {
			isa = PBXGroup;
			children = (
				E982554A23720D1800E94770 /* Preview Assets.xcassets */,
			);
			path = "Preview Content";
			sourceTree = "<group>";
		};
		E982555723720D1800E94770 /* kitchenTests */ = {
			isa = PBXGroup;
			children = (
				E982555823720D1800E94770 /* kitchenTests.swift */,
				E982555A23720D1800E94770 /* Info.plist */,
			);
			path = kitchenTests;
			sourceTree = "<group>";
		};
		E982556223720D1800E94770 /* kitchenUITests */ = {
			isa = PBXGroup;
			children = (
				E982556323720D1800E94770 /* kitchenUITests.swift */,
				E982556523720D1800E94770 /* Info.plist */,
			);
			path = kitchenUITests;
			sourceTree = "<group>";
		};
		E9825571237211FE00E94770 /* Ressources */ = {
			isa = PBXGroup;
			children = (
				E982558623722A9800E94770 /* boeuf-bourguinon.jpg */,
				E982558523722A9800E94770 /* carbonade-flamande.jpg */,
				E982558723722A9800E94770 /* steak-frites.jpg */,
				E9825572237212D600E94770 /* turtlerock.jpg */,
				E98255812372268C00E94770 /* recettes.json */,
			);
			path = Ressources;
			sourceTree = "<group>";
		};
		E982557C2372234200E94770 /* Models */ = {
			isa = PBXGroup;
			children = (
				E982557D2372236400E94770 /* Recette.swift */,
				E982557F2372262A00E94770 /* Data.swift */,
			);
			path = Models;
			sourceTree = "<group>";
		};
/* End PBXGroup section */

/* Begin PBXNativeTarget section */
		E982553F23720D1200E94770 /* kitchen */ = {
			isa = PBXNativeTarget;
			buildConfigurationList = E982556823720D1800E94770 /* Build configuration list for PBXNativeTarget "kitchen" */;
			buildPhases = (
				E982553C23720D1200E94770 /* Sources */,
				E982553D23720D1200E94770 /* Frameworks */,
				E982553E23720D1200E94770 /* Resources */,
			);
			buildRules = (
			);
			dependencies = (
			);
			name = kitchen;
			productName = kitchen;
			productReference = E982554023720D1200E94770 /* kitchen.app */;
			productType = "com.apple.product-type.application";
		};
		E982555323720D1800E94770 /* kitchenTests */ = {
			isa = PBXNativeTarget;
			buildConfigurationList = E982556B23720D1800E94770 /* Build configuration list for PBXNativeTarget "kitchenTests" */;
			buildPhases = (
				E982555023720D1800E94770 /* Sources */,
				E982555123720D1800E94770 /* Frameworks */,
				E982555223720D1800E94770 /* Resources */,
			);
			buildRules = (
			);
			dependencies = (
				E982555623720D1800E94770 /* PBXTargetDependency */,
			);
			name = kitchenTests;
			productName = kitchenTests;
			productReference = E982555423720D1800E94770 /* kitchenTests.xctest */;
			productType = "com.apple.product-type.bundle.unit-test";
		};
		E982555E23720D1800E94770 /* kitchenUITests */ = {
			isa = PBXNativeTarget;
			buildConfigurationList = E982556E23720D1800E94770 /* Build configuration list for PBXNativeTarget "kitchenUITests" */;
			buildPhases = (
				E982555B23720D1800E94770 /* Sources */,
				E982555C23720D1800E94770 /* Frameworks */,
				E982555D23720D1800E94770 /* Resources */,
			);
			buildRules = (
			);
			dependencies = (
				E982556123720D1800E94770 /* PBXTargetDependency */,
			);
			name = kitchenUITests;
			productName = kitchenUITests;
			productReference = E982555F23720D1800E94770 /* kitchenUITests.xctest */;
			productType = "com.apple.product-type.bundle.ui-testing";
		};
/* End PBXNativeTarget section */

/* Begin PBXProject section */
		E982553823720D1200E94770 /* Project object */ = {
			isa = PBXProject;
			attributes = {
				LastSwiftUpdateCheck = 1110;
				LastUpgradeCheck = 1110;
				TargetAttributes = {
					E982553F23720D1200E94770 = {
						CreatedOnToolsVersion = 11.1;
					};
					E982555323720D1800E94770 = {
						CreatedOnToolsVersion = 11.1;
						TestTargetID = E982553F23720D1200E94770;
					};
					E982555E23720D1800E94770 = {
						CreatedOnToolsVersion = 11.1;
						TestTargetID = E982553F23720D1200E94770;
					};
				};
			};
			buildConfigurationList = E982553B23720D1200E94770 /* Build configuration list for PBXProject "kitchen" */;
			compatibilityVersion = "Xcode 9.3";
			developmentRegion = en;
			hasScannedForEncodings = 0;
			knownRegions = (
				en,
				Base,
			);
			mainGroup = E982553723720D1200E94770;
			productRefGroup = E982554123720D1200E94770 /* Products */;
			projectDirPath = "";
			projectRoot = "";
			targets = (
				E982553F23720D1200E94770 /* kitchen */,
				E982555323720D1800E94770 /* kitchenTests */,
				E982555E23720D1800E94770 /* kitchenUITests */,
			);
		};
/* End PBXProject section */

/* Begin PBXResourcesBuildPhase section */
		E982553E23720D1200E94770 /* Resources */ = {
			isa = PBXResourcesBuildPhase;
			buildActionMask = 2147483647;
			files = (
				E9825573237212D600E94770 /* turtlerock.jpg in Resources */,
				E982558A23722A9900E94770 /* steak-frites.jpg in Resources */,
				E982554E23720D1800E94770 /* LaunchScreen.storyboard in Resources */,
				E982554B23720D1800E94770 /* Preview Assets.xcassets in Resources */,
				E98255822372268C00E94770 /* recettes.json in Resources */,
				E982554823720D1800E94770 /* Assets.xcassets in Resources */,
				E982558923722A9900E94770 /* boeuf-bourguinon.jpg in Resources */,
				E982558823722A9900E94770 /* carbonade-flamande.jpg in Resources */,
			);
			runOnlyForDeploymentPostprocessing = 0;
		};
		E982555223720D1800E94770 /* Resources */ = {
			isa = PBXResourcesBuildPhase;
			buildActionMask = 2147483647;
			files = (
			);
			runOnlyForDeploymentPostprocessing = 0;
		};
		E982555D23720D1800E94770 /* Resources */ = {
			isa = PBXResourcesBuildPhase;
			buildActionMask = 2147483647;
			files = (
			);
			runOnlyForDeploymentPostprocessing = 0;
		};
/* End PBXResourcesBuildPhase section */

/* Begin PBXSourcesBuildPhase section */
		E982553C23720D1200E94770 /* Sources */ = {
			isa = PBXSourcesBuildPhase;
			buildActionMask = 2147483647;
			files = (
				E98255842372298E00E94770 /* LigneRecette.swift in Sources */,
				E982554623720D1200E94770 /* RecetteDetail.swift in Sources */,
				E982558C23722C0F00E94770 /* ListeRecette.swift in Sources */,
				E98255802372262A00E94770 /* Data.swift in Sources */,
				E982557B237219AD00E94770 /* MapView.swift in Sources */,
				E982554423720D1200E94770 /* AppDelegate.swift in Sources */,
				E98255752372138B00E94770 /* CircleImage.swift in Sources */,
				E982557E2372236400E94770 /* Recette.swift in Sources */,
			);
			runOnlyForDeploymentPostprocessing = 0;
		};
		E982555023720D1800E94770 /* Sources */ = {
			isa = PBXSourcesBuildPhase;
			buildActionMask = 2147483647;
			files = (
				E982555923720D1800E94770 /* kitchenTests.swift in Sources */,
			);
			runOnlyForDeploymentPostprocessing = 0;
		};
		E982555B23720D1800E94770 /* Sources */ = {
			isa = PBXSourcesBuildPhase;
			buildActionMask = 2147483647;
			files = (
				E982556423720D1800E94770 /* kitchenUITests.swift in Sources */,
			);
			runOnlyForDeploymentPostprocessing = 0;
		};
/* End PBXSourcesBuildPhase section */

/* Begin PBXTargetDependency section */
		E982555623720D1800E94770 /* PBXTargetDependency */ = {
			isa = PBXTargetDependency;
			target = E982553F23720D1200E94770 /* kitchen */;
			targetProxy = E982555523720D1800E94770 /* PBXContainerItemProxy */;
		};
		E982556123720D1800E94770 /* PBXTargetDependency */ = {
			isa = PBXTargetDependency;
			target = E982553F23720D1200E94770 /* kitchen */;
			targetProxy = E982556023720D1800E94770 /* PBXContainerItemProxy */;
		};
/* End PBXTargetDependency section */

/* Begin PBXVariantGroup section */
		E982554C23720D1800E94770 /* LaunchScreen.storyboard */ = {
			isa = PBXVariantGroup;
			children = (
				E982554D23720D1800E94770 /* Base */,
			);
			name = LaunchScreen.storyboard;
			sourceTree = "<group>";
		};
/* End PBXVariantGroup section */

/* Begin XCBuildConfiguration section */
		E982556623720D1800E94770 /* Debug */ = {
			isa = XCBuildConfiguration;
			buildSettings = {
				ALWAYS_SEARCH_USER_PATHS = NO;
				CLANG_ANALYZER_NONNULL = YES;
				CLANG_ANALYZER_NUMBER_OBJECT_CONVERSION = YES_AGGRESSIVE;
				CLANG_CXX_LANGUAGE_STANDARD = "gnu++14";
				CLANG_CXX_LIBRARY = "libc++";
				CLANG_ENABLE_MODULES = YES;
				CLANG_ENABLE_OBJC_ARC = YES;
				CLANG_ENABLE_OBJC_WEAK = YES;
				CLANG_WARN_BLOCK_CAPTURE_AUTORELEASING = YES;
				CLANG_WARN_BOOL_CONVERSION = YES;
				CLANG_WARN_COMMA = YES;
				CLANG_WARN_CONSTANT_CONVERSION = YES;
				CLANG_WARN_DEPRECATED_OBJC_IMPLEMENTATIONS = YES;
				CLANG_WARN_DIRECT_OBJC_ISA_USAGE = YES_ERROR;
				CLANG_WARN_DOCUMENTATION_COMMENTS = YES;
				CLANG_WARN_EMPTY_BODY = YES;
				CLANG_WARN_ENUM_CONVERSION = YES;
				CLANG_WARN_INFINITE_RECURSION = YES;
				CLANG_WARN_INT_CONVERSION = YES;
				CLANG_WARN_NON_LITERAL_NULL_CONVERSION = YES;
				CLANG_WARN_OBJC_IMPLICIT_RETAIN_SELF = YES;
				CLANG_WARN_OBJC_LITERAL_CONVERSION = YES;
				CLANG_WARN_OBJC_ROOT_CLASS = YES_ERROR;
				CLANG_WARN_RANGE_LOOP_ANALYSIS = YES;
				CLANG_WARN_STRICT_PROTOTYPES = YES;
				CLANG_WARN_SUSPICIOUS_MOVE = YES;
				CLANG_WARN_UNGUARDED_AVAILABILITY = YES_AGGRESSIVE;
				CLANG_WARN_UNREACHABLE_CODE = YES;
				CLANG_WARN__DUPLICATE_METHOD_MATCH = YES;
				COPY_PHASE_STRIP = NO;
				DEBUG_INFORMATION_FORMAT = dwarf;
				ENABLE_STRICT_OBJC_MSGSEND = YES;
				ENABLE_TESTABILITY = YES;
				GCC_C_LANGUAGE_STANDARD = gnu11;
				GCC_DYNAMIC_NO_PIC = NO;
				GCC_NO_COMMON_BLOCKS = YES;
				GCC_OPTIMIZATION_LEVEL = 0;
				GCC_PREPROCESSOR_DEFINITIONS = (
					"DEBUG=1",
					"$(inherited)",
				);
				GCC_WARN_64_TO_32_BIT_CONVERSION = YES;
				GCC_WARN_ABOUT_RETURN_TYPE = YES_ERROR;
				GCC_WARN_UNDECLARED_SELECTOR = YES;
				GCC_WARN_UNINITIALIZED_AUTOS = YES_AGGRESSIVE;
				GCC_WARN_UNUSED_FUNCTION = YES;
				GCC_WARN_UNUSED_VARIABLE = YES;
				MTL_ENABLE_DEBUG_INFO = INCLUDE_SOURCE;
				MTL_FAST_MATH = YES;
				ONLY_ACTIVE_ARCH = YES;
				SDKROOT = appletvos;
				SWIFT_ACTIVE_COMPILATION_CONDITIONS = DEBUG;
				SWIFT_OPTIMIZATION_LEVEL = "-Onone";
				TVOS_DEPLOYMENT_TARGET = 13.0;
			};
			name = Debug;
		};
		E982556723720D1800E94770 /* Release */ = {
			isa = XCBuildConfiguration;
			buildSettings = {
				ALWAYS_SEARCH_USER_PATHS = NO;
				CLANG_ANALYZER_NONNULL = YES;
				CLANG_ANALYZER_NUMBER_OBJECT_CONVERSION = YES_AGGRESSIVE;
				CLANG_CXX_LANGUAGE_STANDARD = "gnu++14";
				CLANG_CXX_LIBRARY = "libc++";
				CLANG_ENABLE_MODULES = YES;
				CLANG_ENABLE_OBJC_ARC = YES;
				CLANG_ENABLE_OBJC_WEAK = YES;
				CLANG_WARN_BLOCK_CAPTURE_AUTORELEASING = YES;
				CLANG_WARN_BOOL_CONVERSION = YES;
				CLANG_WARN_COMMA = YES;
				CLANG_WARN_CONSTANT_CONVERSION = YES;
				CLANG_WARN_DEPRECATED_OBJC_IMPLEMENTATIONS = YES;
				CLANG_WARN_DIRECT_OBJC_ISA_USAGE = YES_ERROR;
				CLANG_WARN_DOCUMENTATION_COMMENTS = YES;
				CLANG_WARN_EMPTY_BODY = YES;
				CLANG_WARN_ENUM_CONVERSION = YES;
				CLANG_WARN_INFINITE_RECURSION = YES;
				CLANG_WARN_INT_CONVERSION = YES;
				CLANG_WARN_NON_LITERAL_NULL_CONVERSION = YES;
				CLANG_WARN_OBJC_IMPLICIT_RETAIN_SELF = YES;
				CLANG_WARN_OBJC_LITERAL_CONVERSION = YES;
				CLANG_WARN_OBJC_ROOT_CLASS = YES_ERROR;
				CLANG_WARN_RANGE_LOOP_ANALYSIS = YES;
				CLANG_WARN_STRICT_PROTOTYPES = YES;
				CLANG_WARN_SUSPICIOUS_MOVE = YES;
				CLANG_WARN_UNGUARDED_AVAILABILITY = YES_AGGRESSIVE;
				CLANG_WARN_UNREACHABLE_CODE = YES;
				CLANG_WARN__DUPLICATE_METHOD_MATCH = YES;
				COPY_PHASE_STRIP = NO;
				DEBUG_INFORMATION_FORMAT = "dwarf-with-dsym";
				ENABLE_NS_ASSERTIONS = NO;
				ENABLE_STRICT_OBJC_MSGSEND = YES;
				GCC_C_LANGUAGE_STANDARD = gnu11;
				GCC_NO_COMMON_BLOCKS = YES;
				GCC_WARN_64_TO_32_BIT_CONVERSION = YES;
				GCC_WARN_ABOUT_RETURN_TYPE = YES_ERROR;
				GCC_WARN_UNDECLARED_SELECTOR = YES;
				GCC_WARN_UNINITIALIZED_AUTOS = YES_AGGRESSIVE;
				GCC_WARN_UNUSED_FUNCTION = YES;
				GCC_WARN_UNUSED_VARIABLE = YES;
				MTL_ENABLE_DEBUG_INFO = NO;
				MTL_FAST_MATH = YES;
				SDKROOT = appletvos;
				SWIFT_COMPILATION_MODE = wholemodule;
				SWIFT_OPTIMIZATION_LEVEL = "-O";
				TVOS_DEPLOYMENT_TARGET = 13.0;
				VALIDATE_PRODUCT = YES;
			};
			name = Release;
		};
		E982556923720D1800E94770 /* Debug */ = {
			isa = XCBuildConfiguration;
			buildSettings = {
				ASSETCATALOG_COMPILER_APPICON_NAME = "App Icon & Top Shelf Image";
				CODE_SIGN_STYLE = Automatic;
				DEVELOPMENT_ASSET_PATHS = "\"kitchen/Preview Content\"";
				ENABLE_PREVIEWS = YES;
				INFOPLIST_FILE = kitchen/Info.plist;
				LD_RUNPATH_SEARCH_PATHS = (
					"$(inherited)",
					"@executable_path/Frameworks",
				);
				PRODUCT_BUNDLE_IDENTIFIER = Istv.kitchen;
				PRODUCT_NAME = "$(TARGET_NAME)";
				SWIFT_VERSION = 5.0;
				TARGETED_DEVICE_FAMILY = 3;
			};
			name = Debug;
		};
		E982556A23720D1800E94770 /* Release */ = {
			isa = XCBuildConfiguration;
			buildSettings = {
				ASSETCATALOG_COMPILER_APPICON_NAME = "App Icon & Top Shelf Image";
				CODE_SIGN_STYLE = Automatic;
				DEVELOPMENT_ASSET_PATHS = "\"kitchen/Preview Content\"";
				ENABLE_PREVIEWS = YES;
				INFOPLIST_FILE = kitchen/Info.plist;
				LD_RUNPATH_SEARCH_PATHS = (
					"$(inherited)",
					"@executable_path/Frameworks",
				);
				PRODUCT_BUNDLE_IDENTIFIER = Istv.kitchen;
				PRODUCT_NAME = "$(TARGET_NAME)";
				SWIFT_VERSION = 5.0;
				TARGETED_DEVICE_FAMILY = 3;
			};
			name = Release;
		};
		E982556C23720D1800E94770 /* Debug */ = {
			isa = XCBuildConfiguration;
			buildSettings = {
				ALWAYS_EMBED_SWIFT_STANDARD_LIBRARIES = YES;
				BUNDLE_LOADER = "$(TEST_HOST)";
				CODE_SIGN_STYLE = Automatic;
				INFOPLIST_FILE = kitchenTests/Info.plist;
				LD_RUNPATH_SEARCH_PATHS = (
					"$(inherited)",
					"@executable_path/Frameworks",
					"@loader_path/Frameworks",
				);
				PRODUCT_BUNDLE_IDENTIFIER = Istv.kitchenTests;
				PRODUCT_NAME = "$(TARGET_NAME)";
				SWIFT_VERSION = 5.0;
				TARGETED_DEVICE_FAMILY = 3;
				TEST_HOST = "$(BUILT_PRODUCTS_DIR)/kitchen.app/kitchen";
				TVOS_DEPLOYMENT_TARGET = 13.0;
			};
			name = Debug;
		};
		E982556D23720D1800E94770 /* Release */ = {
			isa = XCBuildConfiguration;
			buildSettings = {
				ALWAYS_EMBED_SWIFT_STANDARD_LIBRARIES = YES;
				BUNDLE_LOADER = "$(TEST_HOST)";
				CODE_SIGN_STYLE = Automatic;
				INFOPLIST_FILE = kitchenTests/Info.plist;
				LD_RUNPATH_SEARCH_PATHS = (
					"$(inherited)",
					"@executable_path/Frameworks",
					"@loader_path/Frameworks",
				);
				PRODUCT_BUNDLE_IDENTIFIER = Istv.kitchenTests;
				PRODUCT_NAME = "$(TARGET_NAME)";
				SWIFT_VERSION = 5.0;
				TARGETED_DEVICE_FAMILY = 3;
				TEST_HOST = "$(BUILT_PRODUCTS_DIR)/kitchen.app/kitchen";
				TVOS_DEPLOYMENT_TARGET = 13.0;
			};
			name = Release;
		};
		E982556F23720D1800E94770 /* Debug */ = {
			isa = XCBuildConfiguration;
			buildSettings = {
				ALWAYS_EMBED_SWIFT_STANDARD_LIBRARIES = YES;
				CODE_SIGN_STYLE = Automatic;
				INFOPLIST_FILE = kitchenUITests/Info.plist;
				LD_RUNPATH_SEARCH_PATHS = (
					"$(inherited)",
					"@executable_path/Frameworks",
					"@loader_path/Frameworks",
				);
				PRODUCT_BUNDLE_IDENTIFIER = Istv.kitchenUITests;
				PRODUCT_NAME = "$(TARGET_NAME)";
				SWIFT_VERSION = 5.0;
				TARGETED_DEVICE_FAMILY = 3;
				TEST_TARGET_NAME = kitchen;
			};
			name = Debug;
		};
		E982557023720D1800E94770 /* Release */ = {
			isa = XCBuildConfiguration;
			buildSettings = {
				ALWAYS_EMBED_SWIFT_STANDARD_LIBRARIES = YES;
				CODE_SIGN_STYLE = Automatic;
				INFOPLIST_FILE = kitchenUITests/Info.plist;
				LD_RUNPATH_SEARCH_PATHS = (
					"$(inherited)",
					"@executable_path/Frameworks",
					"@loader_path/Frameworks",
				);
				PRODUCT_BUNDLE_IDENTIFIER = Istv.kitchenUITests;
				PRODUCT_NAME = "$(TARGET_NAME)";
				SWIFT_VERSION = 5.0;
				TARGETED_DEVICE_FAMILY = 3;
				TEST_TARGET_NAME = kitchen;
			};
			name = Release;
		};
/* End XCBuildConfiguration section */

/* Begin XCConfigurationList section */
		E982553B23720D1200E94770 /* Build configuration list for PBXProject "kitchen" */ = {
			isa = XCConfigurationList;
			buildConfigurations = (
				E982556623720D1800E94770 /* Debug */,
				E982556723720D1800E94770 /* Release */,
			);
			defaultConfigurationIsVisible = 0;
			defaultConfigurationName = Release;
		};
		E982556823720D1800E94770 /* Build configuration list for PBXNativeTarget "kitchen" */ = {
			isa = XCConfigurationList;
			buildConfigurations = (
				E982556923720D1800E94770 /* Debug */,
				E982556A23720D1800E94770 /* Release */,
			);
			defaultConfigurationIsVisible = 0;
			defaultConfigurationName = Release;
		};
		E982556B23720D1800E94770 /* Build configuration list for PBXNativeTarget "kitchenTests" */ = {
			isa = XCConfigurationList;
			buildConfigurations = (
				E982556C23720D1800E94770 /* Debug */,
				E982556D23720D1800E94770 /* Release */,
			);
			defaultConfigurationIsVisible = 0;
			defaultConfigurationName = Release;
		};
		E982556E23720D1800E94770 /* Build configuration list for PBXNativeTarget "kitchenUITests" */ = {
			isa = XCConfigurationList;
			buildConfigurations = (
				E982556F23720D1800E94770 /* Debug */,
				E982557023720D1800E94770 /* Release */,
			);
			defaultConfigurationIsVisible = 0;
			defaultConfigurationName = Release;
		};
/* End XCConfigurationList section */
	};
	rootObject = E982553823720D1200E94770 /* Project object */;
}
