// !$*UTF8*$!
{
	archiveVersion = 1;
	classes = {
	};
	objectVersion = 52;
	objects = {

/* Begin PBXBuildFile section */
		0C92E0DA23CDD134004884B8 /* CustomSearchBar.swift in Sources */ = {isa = PBXBuildFile; fileRef = 0C92E0D923CDD134004884B8 /* CustomSearchBar.swift */; };
		0C92E0DC23CDEF46004884B8 /* login_background.jpg in Resources */ = {isa = PBXBuildFile; fileRef = 0C92E0DB23CDEF46004884B8 /* login_background.jpg */; };
		0C92E0DE23CDF560004884B8 /* LoginImage.swift in Sources */ = {isa = PBXBuildFile; fileRef = 0C92E0DD23CDF560004884B8 /* LoginImage.swift */; };
		E93A6399237464C5008270DD /* HomeCategorie.swift in Sources */ = {isa = PBXBuildFile; fileRef = E93A6398237464C5008270DD /* HomeCategorie.swift */; };
		E93A639B2374681D008270DD /* LigneCategorie.swift in Sources */ = {isa = PBXBuildFile; fileRef = E93A639A2374681D008270DD /* LigneCategorie.swift */; };
		E94EC39723736D4400F64D82 /* UserData.swift in Sources */ = {isa = PBXBuildFile; fileRef = E94EC39623736D4400F64D82 /* UserData.swift */; };
		E954826723756AE50030DCBB /* PieChartView.swift in Sources */ = {isa = PBXBuildFile; fileRef = E954826423756AE50030DCBB /* PieChartView.swift */; };
		E954826823756AE50030DCBB /* PieChartRow.swift in Sources */ = {isa = PBXBuildFile; fileRef = E954826523756AE50030DCBB /* PieChartRow.swift */; };
		E954826923756AE50030DCBB /* PieChartCell.swift in Sources */ = {isa = PBXBuildFile; fileRef = E954826623756AE50030DCBB /* PieChartCell.swift */; };
		E954826B23756BBB0030DCBB /* Helpers.swift in Sources */ = {isa = PBXBuildFile; fileRef = E954826A23756BBB0030DCBB /* Helpers.swift */; };
		E954826E237577520030DCBB /* DataCharts.swift in Sources */ = {isa = PBXBuildFile; fileRef = E954826D237577510030DCBB /* DataCharts.swift */; };
		E95F2CBD23CB8FD900D3F87D /* AVPlayerView.swift in Sources */ = {isa = PBXBuildFile; fileRef = E95F2CBC23CB8FD900D3F87D /* AVPlayerView.swift */; };
		E95F2CC223CBBD4000D3F87D /* WebServices.swift in Sources */ = {isa = PBXBuildFile; fileRef = E95F2CC123CBBD4000D3F87D /* WebServices.swift */; };
		E95F2CC623CBC2B700D3F87D /* RecettesListModel.swift in Sources */ = {isa = PBXBuildFile; fileRef = E95F2CC523CBC2B700D3F87D /* RecettesListModel.swift */; };
		E95F2CC823CBC33400D3F87D /* RecetteJson.swift in Sources */ = {isa = PBXBuildFile; fileRef = E95F2CC723CBC33400D3F87D /* RecetteJson.swift */; };
		E95F2CCB23CC655900D3F87D /* Kingfisher in Frameworks */ = {isa = PBXBuildFile; productRef = E95F2CCA23CC655900D3F87D /* Kingfisher */; };
		E95F2CCD23CC655900D3F87D /* KingfisherSwiftUI in Frameworks */ = {isa = PBXBuildFile; productRef = E95F2CCC23CC655900D3F87D /* KingfisherSwiftUI */; };
		E95F2CD123CCB57F00D3F87D /* KeyChainService.swift in Sources */ = {isa = PBXBuildFile; fileRef = E95F2CD023CCB57F00D3F87D /* KeyChainService.swift */; };
		E95F2CD523CCBC8000D3F87D /* LoginView.swift in Sources */ = {isa = PBXBuildFile; fileRef = E95F2CD423CCBC8000D3F87D /* LoginView.swift */; };
		E96798D32374BCE00076C8AE /* makisushi.jpg in Resources */ = {isa = PBXBuildFile; fileRef = E96798D02374BCE00076C8AE /* makisushi.jpg */; };
		E96798D42374BCE00076C8AE /* welsh-rarebit.jpg in Resources */ = {isa = PBXBuildFile; fileRef = E96798D12374BCE00076C8AE /* welsh-rarebit.jpg */; };
		E96798D52374BCE00076C8AE /* riz-cantonais.jpg in Resources */ = {isa = PBXBuildFile; fileRef = E96798D22374BCE00076C8AE /* riz-cantonais.jpg */; };
		E982554423720D1200E94770 /* AppDelegate.swift in Sources */ = {isa = PBXBuildFile; fileRef = E982554323720D1200E94770 /* AppDelegate.swift */; };
		E982554623720D1200E94770 /* RecetteDetail.swift in Sources */ = {isa = PBXBuildFile; fileRef = E982554523720D1200E94770 /* RecetteDetail.swift */; };
		E982554823720D1800E94770 /* Assets.xcassets in Resources */ = {isa = PBXBuildFile; fileRef = E982554723720D1800E94770 /* Assets.xcassets */; };
		E982554B23720D1800E94770 /* Preview Assets.xcassets in Resources */ = {isa = PBXBuildFile; fileRef = E982554A23720D1800E94770 /* Preview Assets.xcassets */; };
		E982554E23720D1800E94770 /* LaunchScreen.storyboard in Resources */ = {isa = PBXBuildFile; fileRef = E982554C23720D1800E94770 /* LaunchScreen.storyboard */; };
		E982555923720D1800E94770 /* kitchenTests.swift in Sources */ = {isa = PBXBuildFile; fileRef = E982555823720D1800E94770 /* kitchenTests.swift */; };
		E982556423720D1800E94770 /* kitchenUITests.swift in Sources */ = {isa = PBXBuildFile; fileRef = E982556323720D1800E94770 /* kitchenUITests.swift */; };
		E9825573237212D600E94770 /* turtlerock.jpg in Resources */ = {isa = PBXBuildFile; fileRef = E9825572237212D600E94770 /* turtlerock.jpg */; };
		E98255752372138B00E94770 /* CircleImage.swift in Sources */ = {isa = PBXBuildFile; fileRef = E98255742372138B00E94770 /* CircleImage.swift */; };
		E98255822372268C00E94770 /* recettes.json in Resources */ = {isa = PBXBuildFile; fileRef = E98255812372268C00E94770 /* recettes.json */; };
		E98255842372298E00E94770 /* LigneRecette.swift in Sources */ = {isa = PBXBuildFile; fileRef = E98255832372298E00E94770 /* LigneRecette.swift */; };
		E982558823722A9900E94770 /* carbonade-flamande.jpg in Resources */ = {isa = PBXBuildFile; fileRef = E982558523722A9800E94770 /* carbonade-flamande.jpg */; };
		E982558923722A9900E94770 /* boeuf-bourguinon.jpg in Resources */ = {isa = PBXBuildFile; fileRef = E982558623722A9800E94770 /* boeuf-bourguinon.jpg */; };
		E982558A23722A9900E94770 /* steak-frites.jpg in Resources */ = {isa = PBXBuildFile; fileRef = E982558723722A9800E94770 /* steak-frites.jpg */; };
		E98C221D23CDEB6E00C4CDA8 /* CustomSearchBar.swift in Sources */ = {isa = PBXBuildFile; fileRef = E98C221C23CDEB6E00C4CDA8 /* CustomSearchBar.swift */; };
		E98C221F23CE191700C4CDA8 /* TestView.swift in Sources */ = {isa = PBXBuildFile; fileRef = E98C221E23CE191700C4CDA8 /* TestView.swift */; };
		E99987DB23CD2E920084EAAB /* ProfileHost.swift in Sources */ = {isa = PBXBuildFile; fileRef = E99987DA23CD2E920084EAAB /* ProfileHost.swift */; };
		E9B30DFB23CCE57D00D45874 /* URLImage.swift in Sources */ = {isa = PBXBuildFile; fileRef = E9B30DFA23CCE57D00D45874 /* URLImage.swift */; };
/* End PBXBuildFile section */

/* Begin PBXContainerItemProxy section */
		E982555523720D1800E94770 /* PBXContainerItemProxy */ = {
			isa = PBXContainerItemProxy;
			containerPortal = E982553823720D1200E94770 /* Project object */;
			proxyType = 1;
			remoteGlobalIDString = E982553F23720D1200E94770;
			remoteInfo = kitchen;
		};
		E982556023720D1800E94770 /* PBXContainerItemProxy */ = {
			isa = PBXContainerItemProxy;
			containerPortal = E982553823720D1200E94770 /* Project object */;
			proxyType = 1;
			remoteGlobalIDString = E982553F23720D1200E94770;
			remoteInfo = kitchen;
		};
/* End PBXContainerItemProxy section */

/* Begin PBXFileReference section */		0C92E0D923CDD134004884B8 /* CustomSearchBar.swift */ = {isa = PBXFileReference; lastKnownFileType = sourcecode.swift; path = CustomSearchBar.swift; sourceTree = "<group>"; };
		0C92E0DB23CDEF46004884B8 /* login_background.jpg */ = {isa = PBXFileReference; lastKnownFileType = image.jpeg; path = login_background.jpg; sourceTree = "<group>"; };
		0C92E0DD23CDF560004884B8 /* LoginImage.swift */ = {isa = PBXFileReference; lastKnownFileType = sourcecode.swift; path = LoginImage.swift; sourceTree = "<group>"; };
		E93A6398237464C5008270DD /* HomeCategorie.swift */ = {isa = PBXFileReference; lastKnownFileType = sourcecode.swift; path = HomeCategorie.swift; sourceTree = "<group>"; };
		E93A639A2374681D008270DD /* LigneCategorie.swift */ = {isa = PBXFileReference; lastKnownFileType = sourcecode.swift; path = LigneCategorie.swift; sourceTree = "<group>"; };
		E94EC39623736D4400F64D82 /* UserData.swift */ = {isa = PBXFileReference; lastKnownFileType = sourcecode.swift; path = UserData.swift; sourceTree = "<group>"; };
		E954826423756AE50030DCBB /* PieChartView.swift */ = {isa = PBXFileReference; fileEncoding = 4; lastKnownFileType = sourcecode.swift; path = PieChartView.swift; sourceTree = "<group>"; };
		E954826523756AE50030DCBB /* PieChartRow.swift */ = {isa = PBXFileReference; fileEncoding = 4; lastKnownFileType = sourcecode.swift; path = PieChartRow.swift; sourceTree = "<group>"; };
		E954826623756AE50030DCBB /* PieChartCell.swift */ = {isa = PBXFileReference; fileEncoding = 4; lastKnownFileType = sourcecode.swift; path = PieChartCell.swift; sourceTree = "<group>"; };
		E954826A23756BBB0030DCBB /* Helpers.swift */ = {isa = PBXFileReference; fileEncoding = 4; lastKnownFileType = sourcecode.swift; path = Helpers.swift; sourceTree = "<group>"; };
		E954826D237577510030DCBB /* DataCharts.swift */ = {isa = PBXFileReference; lastKnownFileType = sourcecode.swift; path = DataCharts.swift; sourceTree = "<group>"; };
		E95F2CBC23CB8FD900D3F87D /* AVPlayerView.swift */ = {isa = PBXFileReference; lastKnownFileType = sourcecode.swift; path = AVPlayerView.swift; sourceTree = "<group>"; };
		E95F2CC123CBBD4000D3F87D /* WebServices.swift */ = {isa = PBXFileReference; lastKnownFileType = sourcecode.swift; path = WebServices.swift; sourceTree = "<group>"; };
		E95F2CC523CBC2B700D3F87D /* RecettesListModel.swift */ = {isa = PBXFileReference; lastKnownFileType = sourcecode.swift; path = RecettesListModel.swift; sourceTree = "<group>"; };
		E95F2CC723CBC33400D3F87D /* RecetteJson.swift */ = {isa = PBXFileReference; lastKnownFileType = sourcecode.swift; path = RecetteJson.swift; sourceTree = "<group>"; };
		E95F2CD023CCB57F00D3F87D /* KeyChainService.swift */ = {isa = PBXFileReference; lastKnownFileType = sourcecode.swift; path = KeyChainService.swift; sourceTree = "<group>"; };
		E95F2CD423CCBC8000D3F87D /* LoginView.swift */ = {isa = PBXFileReference; lastKnownFileType = sourcecode.swift; path = LoginView.swift; sourceTree = "<group>"; };
		E96798D02374BCE00076C8AE /* makisushi.jpg */ = {isa = PBXFileReference; lastKnownFileType = image.jpeg; path = makisushi.jpg; sourceTree = "<group>"; };
		E96798D12374BCE00076C8AE /* welsh-rarebit.jpg */ = {isa = PBXFileReference; lastKnownFileType = image.jpeg; path = "welsh-rarebit.jpg"; sourceTree = "<group>"; };
		E96798D22374BCE00076C8AE /* riz-cantonais.jpg */ = {isa = PBXFileReference; lastKnownFileType = image.jpeg; path = "riz-cantonais.jpg"; sourceTree = "<group>"; };
		E982554023720D1200E94770 /* kitchen.app */ = {isa = PBXFileReference; explicitFileType = wrapper.application; includeInIndex = 0; path = kitchen.app; sourceTree = BUILT_PRODUCTS_DIR; };
		E982554323720D1200E94770 /* AppDelegate.swift */ = {isa = PBXFileReference; lastKnownFileType = sourcecode.swift; path = AppDelegate.swift; sourceTree = "<group>"; };
		E982554523720D1200E94770 /* RecetteDetail.swift */ = {isa = PBXFileReference; lastKnownFileType = sourcecode.swift; path = RecetteDetail.swift; sourceTree = "<group>"; };
		E982554723720D1800E94770 /* Assets.xcassets */ = {isa = PBXFileReference; lastKnownFileType = folder.assetcatalog; path = Assets.xcassets; sourceTree = "<group>"; };
		E982554A23720D1800E94770 /* Preview Assets.xcassets */ = {isa = PBXFileReference; lastKnownFileType = folder.assetcatalog; path = "Preview Assets.xcassets"; sourceTree = "<group>"; };
		E982554D23720D1800E94770 /* Base */ = {isa = PBXFileReference; lastKnownFileType = file.storyboard; name = Base; path = Base.lproj/LaunchScreen.storyboard; sourceTree = "<group>"; };
		E982554F23720D1800E94770 /* Info.plist */ = {isa = PBXFileReference; lastKnownFileType = text.plist.xml; path = Info.plist; sourceTree = "<group>"; };
		E982555423720D1800E94770 /* kitchenTests.xctest */ = {isa = PBXFileReference; explicitFileType = wrapper.cfbundle; includeInIndex = 0; path = kitchenTests.xctest; sourceTree = BUILT_PRODUCTS_DIR; };
		E982555823720D1800E94770 /* kitchenTests.swift */ = {isa = PBXFileReference; lastKnownFileType = sourcecode.swift; path = kitchenTests.swift; sourceTree = "<group>"; };
		E982555A23720D1800E94770 /* Info.plist */ = {isa = PBXFileReference; lastKnownFileType = text.plist.xml; path = Info.plist; sourceTree = "<group>"; };
		E982555F23720D1800E94770 /* kitchenUITests.xctest */ = {isa = PBXFileReference; explicitFileType = wrapper.cfbundle; includeInIndex = 0; path = kitchenUITests.xctest; sourceTree = BUILT_PRODUCTS_DIR; };
		E982556323720D1800E94770 /* kitchenUITests.swift */ = {isa = PBXFileReference; lastKnownFileType = sourcecode.swift; path = kitchenUITests.swift; sourceTree = "<group>"; };
		E982556523720D1800E94770 /* Info.plist */ = {isa = PBXFileReference; lastKnownFileType = text.plist.xml; path = Info.plist; sourceTree = "<group>"; };
		E9825572237212D600E94770 /* turtlerock.jpg */ = {isa = PBXFileReference; lastKnownFileType = image.jpeg; path = turtlerock.jpg; sourceTree = "<group>"; };
		E98255742372138B00E94770 /* CircleImage.swift */ = {isa = PBXFileReference; lastKnownFileType = sourcecode.swift; path = CircleImage.swift; sourceTree = "<group>"; };
		E98255812372268C00E94770 /* recettes.json */ = {isa = PBXFileReference; lastKnownFileType = text.json; path = recettes.json; sourceTree = "<group>"; };
		E98255832372298E00E94770 /* LigneRecette.swift */ = {isa = PBXFileReference; lastKnownFileType = sourcecode.swift; path = LigneRecette.swift; sourceTree = "<group>"; };
		E982558523722A9800E94770 /* carbonade-flamande.jpg */ = {isa = PBXFileReference; lastKnownFileType = image.jpeg; path = "carbonade-flamande.jpg"; sourceTree = "<group>"; };
		E982558623722A9800E94770 /* boeuf-bourguinon.jpg */ = {isa = PBXFileReference; lastKnownFileType = image.jpeg; path = "boeuf-bourguinon.jpg"; sourceTree = "<group>"; };
		E982558723722A9800E94770 /* steak-frites.jpg */ = {isa = PBXFileReference; lastKnownFileType = image.jpeg; path = "steak-frites.jpg"; sourceTree = "<group>"; };
		E98C221C23CDEB6E00C4CDA8 /* CustomSearchBar.swift */ = {isa = PBXFileReference; lastKnownFileType = sourcecode.swift; path = CustomSearchBar.swift; sourceTree = "<group>"; };
		E98C221E23CE191700C4CDA8 /* TestView.swift */ = {isa = PBXFileReference; lastKnownFileType = sourcecode.swift; path = TestView.swift; sourceTree = "<group>"; };
		E99987DA23CD2E920084EAAB /* ProfileHost.swift */ = {isa = PBXFileReference; lastKnownFileType = sourcecode.swift; path = ProfileHost.swift; sourceTree = "<group>"; };
		E9B30DFA23CCE57D00D45874 /* URLImage.swift */ = {isa = PBXFileReference; lastKnownFileType = sourcecode.swift; path = URLImage.swift; sourceTree = "<group>"; };
/* End PBXFileReference section */

/* Begin PBXFrameworksBuildPhase section */
		E982553D23720D1200E94770 /* Frameworks */ = {
			isa = PBXFrameworksBuildPhase;
			buildActionMask = 2147483647;
			files = (
				E95F2CCD23CC655900D3F87D /* KingfisherSwiftUI in Frameworks */,
				E95F2CCB23CC655900D3F87D /* Kingfisher in Frameworks */,
			);
			runOnlyForDeploymentPostprocessing = 0;
		};
		E982555123720D1800E94770 /* Frameworks */ = {
			isa = PBXFrameworksBuildPhase;
			buildActionMask = 2147483647;
			files = (
			);
			runOnlyForDeploymentPostprocessing = 0;
		};
		E982555C23720D1800E94770 /* Frameworks */ = {
			isa = PBXFrameworksBuildPhase;
			buildActionMask = 2147483647;
			files = (
			);
			runOnlyForDeploymentPostprocessing = 0;
		};
/* End PBXFrameworksBuildPhase section */

/* Begin PBXGroup section */
		E954826C237576E20030DCBB /* Charts */ = {
			isa = PBXGroup;
			children = (
				E954826A23756BBB0030DCBB /* Helpers.swift */,
				E954826623756AE50030DCBB /* PieChartCell.swift */,
				E954826523756AE50030DCBB /* PieChartRow.swift */,
				E954826423756AE50030DCBB /* PieChartView.swift */,
				E954826D237577510030DCBB /* DataCharts.swift */,
			);
			path = Charts;
			sourceTree = "<group>";
		};
		E95F2CC023CBBD2500D3F87D /* Service */ = {
			isa = PBXGroup;
			children = (
				E95F2CC123CBBD4000D3F87D /* WebServices.swift */,
				E95F2CD023CCB57F00D3F87D /* KeyChainService.swift */,
			);
			path = Service;
			sourceTree = "<group>";
		};
		E982553723720D1200E94770 = {
			isa = PBXGroup;
			children = (
				E9825571237211FE00E94770 /* Ressources */,
				E982554223720D1200E94770 /* kitchen */,
				E982555723720D1800E94770 /* kitchenTests */,
				E982556223720D1800E94770 /* kitchenUITests */,
				E982554123720D1200E94770 /* Products */,
			);
			sourceTree = "<group>";
		};
		E982554123720D1200E94770 /* Products */ = {
			isa = PBXGroup;
			children = (
				E982554023720D1200E94770 /* kitchen.app */,
				E982555423720D1800E94770 /* kitchenTests.xctest */,
				E982555F23720D1800E94770 /* kitchenUITests.xctest */,
			);
			name = Products;
			sourceTree = "<group>";
		};
		E982554223720D1200E94770 /* kitchen */ = {
			isa = PBXGroup;
			children = (
				E95F2CC023CBBD2500D3F87D /* Service */,
				E954826C237576E20030DCBB /* Charts */,
				E982557C2372234200E94770 /* Models */,
				E982554323720D1200E94770 /* AppDelegate.swift */,
				E982554523720D1200E94770 /* RecetteDetail.swift */,
				E982554723720D1800E94770 /* Assets.xcassets */,
				E982554C23720D1800E94770 /* LaunchScreen.storyboard */,
				E982554F23720D1800E94770 /* Info.plist */,
				E982554923720D1800E94770 /* Preview Content */,
				E98255742372138B00E94770 /* CircleImage.swift */,
				E93A639A2374681D008270DD /* LigneCategorie.swift */,
				0C92E0DD23CDF560004884B8 /* LoginImage.swift */,
				E98255832372298E00E94770 /* LigneRecette.swift */,
				E94EC39623736D4400F64D82 /* UserData.swift */,
				E93A6398237464C5008270DD /* HomeCategorie.swift */,
				E95F2CBC23CB8FD900D3F87D /* AVPlayerView.swift */,
				E95F2CD423CCBC8000D3F87D /* LoginView.swift */,
				E9B30DFA23CCE57D00D45874 /* URLImage.swift */,
				E99987DA23CD2E920084EAAB /* ProfileHost.swift */,
				E98C221C23CDEB6E00C4CDA8 /* CustomSearchBar.swift */,
				E98C221E23CE191700C4CDA8 /* TestView.swift */,
			);
			path = kitchen;
			sourceTree = "<group>";
		};
		E982554923720D1800E94770 /* Preview Content */ = {
			isa = PBXGroup;
			children = (
				E982554A23720D1800E94770 /* Preview Assets.xcassets */,
			);
			path = "Preview Content";
			sourceTree = "<group>";
		};
		E982555723720D1800E94770 /* kitchenTests */ = {
			isa = PBXGroup;
			children = (
				E982555823720D1800E94770 /* kitchenTests.swift */,
				E982555A23720D1800E94770 /* Info.plist */,
			);
			path = kitchenTests;
			sourceTree = "<group>";
		};
		E982556223720D1800E94770 /* kitchenUITests */ = {
			isa = PBXGroup;
			children = (
				E982556323720D1800E94770 /* kitchenUITests.swift */,
				E982556523720D1800E94770 /* Info.plist */,
			);
			path = kitchenUITests;
			sourceTree = "<group>";
		};
		E9825571237211FE00E94770 /* Ressources */ = {
			isa = PBXGroup;
			children = (
				0C92E0DB23CDEF46004884B8 /* login_background.jpg */,
				E96798D02374BCE00076C8AE /* makisushi.jpg */,
				E96798D22374BCE00076C8AE /* riz-cantonais.jpg */,
				E96798D12374BCE00076C8AE /* welsh-rarebit.jpg */,
				E982558623722A9800E94770 /* boeuf-bourguinon.jpg */,
				E982558523722A9800E94770 /* carbonade-flamande.jpg */,
				E982558723722A9800E94770 /* steak-frites.jpg */,
				E9825572237212D600E94770 /* turtlerock.jpg */,
				E98255812372268C00E94770 /* recettes.json */,
			);
			path = Ressources;
			sourceTree = "<group>";
		};
		E982557C2372234200E94770 /* Models */ = {
			isa = PBXGroup;
			children = (
				E95F2CC523CBC2B700D3F87D /* RecettesListModel.swift */,
				E95F2CC723CBC33400D3F87D /* RecetteJson.swift */,
			);
			path = Models;
			sourceTree = "<group>";
		};
/* End PBXGroup section */

/* Begin PBXNativeTarget section */
		E982553F23720D1200E94770 /* kitchen */ = {
			isa = PBXNativeTarget;
			buildConfigurationList = E982556823720D1800E94770 /* Build configuration list for PBXNativeTarget "kitchen" */;
			buildPhases = (
				E982553C23720D1200E94770 /* Sources */,
				E982553D23720D1200E94770 /* Frameworks */,
				E982553E23720D1200E94770 /* Resources */,
			);
			buildRules = (
			);
			dependencies = (
			);
			name = kitchen;
			packageProductDependencies = (
				E95F2CCA23CC655900D3F87D /* Kingfisher */,
				E95F2CCC23CC655900D3F87D /* KingfisherSwiftUI */,
			);
			productName = kitchen;
			productReference = E982554023720D1200E94770 /* kitchen.app */;
			productType = "com.apple.product-type.application";
		};
		E982555323720D1800E94770 /* kitchenTests */ = {
			isa = PBXNativeTarget;
			buildConfigurationList = E982556B23720D1800E94770 /* Build configuration list for PBXNativeTarget "kitchenTests" */;
			buildPhases = (
				E982555023720D1800E94770 /* Sources */,
				E982555123720D1800E94770 /* Frameworks */,
				E982555223720D1800E94770 /* Resources */,
			);
			buildRules = (
			);
			dependencies = (
				E982555623720D1800E94770 /* PBXTargetDependency */,
			);
			name = kitchenTests;
			productName = kitchenTests;
			productReference = E982555423720D1800E94770 /* kitchenTests.xctest */;
			productType = "com.apple.product-type.bundle.unit-test";
		};
		E982555E23720D1800E94770 /* kitchenUITests */ = {
			isa = PBXNativeTarget;
			buildConfigurationList = E982556E23720D1800E94770 /* Build configuration list for PBXNativeTarget "kitchenUITests" */;
			buildPhases = (
				E982555B23720D1800E94770 /* Sources */,
				E982555C23720D1800E94770 /* Frameworks */,
				E982555D23720D1800E94770 /* Resources */,
			);
			buildRules = (
			);
			dependencies = (
				E982556123720D1800E94770 /* PBXTargetDependency */,
			);
			name = kitchenUITests;
			productName = kitchenUITests;
			productReference = E982555F23720D1800E94770 /* kitchenUITests.xctest */;
			productType = "com.apple.product-type.bundle.ui-testing";
		};
/* End PBXNativeTarget section */

/* Begin PBXProject section */
		E982553823720D1200E94770 /* Project object */ = {
			isa = PBXProject;
			attributes = {
				LastSwiftUpdateCheck = 1110;
				LastUpgradeCheck = 1110;
				TargetAttributes = {
					E982553F23720D1200E94770 = {
						CreatedOnToolsVersion = 11.1;
					};
					E982555323720D1800E94770 = {
						CreatedOnToolsVersion = 11.1;
						TestTargetID = E982553F23720D1200E94770;
					};
					E982555E23720D1800E94770 = {
						CreatedOnToolsVersion = 11.1;
						TestTargetID = E982553F23720D1200E94770;
					};
				};
			};
			buildConfigurationList = E982553B23720D1200E94770 /* Build configuration list for PBXProject "kitchen" */;
			compatibilityVersion = "Xcode 9.3";
			developmentRegion = en;
			hasScannedForEncodings = 0;
			knownRegions = (
				en,
				Base,
			);
			mainGroup = E982553723720D1200E94770;
			packageReferences = (
				E95F2CC923CC655900D3F87D /* XCRemoteSwiftPackageReference "Kingfisher" */,
			);
			productRefGroup = E982554123720D1200E94770 /* Products */;
			projectDirPath = "";
			projectRoot = "";
			targets = (
				E982553F23720D1200E94770 /* kitchen */,
				E982555323720D1800E94770 /* kitchenTests */,
				E982555E23720D1800E94770 /* kitchenUITests */,
			);
		};
/* End PBXProject section */

/* Begin PBXResourcesBuildPhase section */
		E982553E23720D1200E94770 /* Resources */ = {
			isa = PBXResourcesBuildPhase;
			buildActionMask = 2147483647;
			files = (
				E96798D32374BCE00076C8AE /* makisushi.jpg in Resources */,
				E9825573237212D600E94770 /* turtlerock.jpg in Resources */,
				E982558A23722A9900E94770 /* steak-frites.jpg in Resources */,
				E982554E23720D1800E94770 /* LaunchScreen.storyboard in Resources */,
				E982554B23720D1800E94770 /* Preview Assets.xcassets in Resources */,
				E98255822372268C00E94770 /* recettes.json in Resources */,
				E982554823720D1800E94770 /* Assets.xcassets in Resources */,
				0C92E0DC23CDEF46004884B8 /* login_background.jpg in Resources */,
				E982558923722A9900E94770 /* boeuf-bourguinon.jpg in Resources */,
				E96798D52374BCE00076C8AE /* riz-cantonais.jpg in Resources */,
				E982558823722A9900E94770 /* carbonade-flamande.jpg in Resources */,
				E96798D42374BCE00076C8AE /* welsh-rarebit.jpg in Resources */,
			);
			runOnlyForDeploymentPostprocessing = 0;
		};
		E982555223720D1800E94770 /* Resources */ = {
			isa = PBXResourcesBuildPhase;
			buildActionMask = 2147483647;
			files = (
			);
			runOnlyForDeploymentPostprocessing = 0;
		};
		E982555D23720D1800E94770 /* Resources */ = {
			isa = PBXResourcesBuildPhase;
			buildActionMask = 2147483647;
			files = (
			);
			runOnlyForDeploymentPostprocessing = 0;
		};
/* End PBXResourcesBuildPhase section */

/* Begin PBXSourcesBuildPhase section */
		E982553C23720D1200E94770 /* Sources */ = {
			isa = PBXSourcesBuildPhase;
			buildActionMask = 2147483647;
			files = (
				E954826723756AE50030DCBB /* PieChartView.swift in Sources */,
				E98255842372298E00E94770 /* LigneRecette.swift in Sources */,
				E98C221F23CE191700C4CDA8 /* TestView.swift in Sources */,
				E95F2CC823CBC33400D3F87D /* RecetteJson.swift in Sources */,
				0C92E0DE23CDF560004884B8 /* LoginImage.swift in Sources */,
				E95F2CBD23CB8FD900D3F87D /* AVPlayerView.swift in Sources */,
				E93A6399237464C5008270DD /* HomeCategorie.swift in Sources */,
				E982554623720D1200E94770 /* RecetteDetail.swift in Sources */,
				E94EC39723736D4400F64D82 /* UserData.swift in Sources */,
				E9B30DFB23CCE57D00D45874 /* URLImage.swift in Sources */,
				E95F2CD123CCB57F00D3F87D /* KeyChainService.swift in Sources */,
				E954826923756AE50030DCBB /* PieChartCell.swift in Sources */,
				E954826823756AE50030DCBB /* PieChartRow.swift in Sources */,
				E93A639B2374681D008270DD /* LigneCategorie.swift in Sources */,
				E982554423720D1200E94770 /* AppDelegate.swift in Sources */,
				E98255752372138B00E94770 /* CircleImage.swift in Sources */,
				E954826B23756BBB0030DCBB /* Helpers.swift in Sources */,
				E95F2CC223CBBD4000D3F87D /* WebServices.swift in Sources */,
				E98C221D23CDEB6E00C4CDA8 /* CustomSearchBar.swift in Sources */,
				E954826E237577520030DCBB /* DataCharts.swift in Sources */,
				E95F2CD523CCBC8000D3F87D /* LoginView.swift in Sources */,
				E95F2CC623CBC2B700D3F87D /* RecettesListModel.swift in Sources */,
				E99987DB23CD2E920084EAAB /* ProfileHost.swift in Sources */,
			);
			runOnlyForDeploymentPostprocessing = 0;
		};
		E982555023720D1800E94770 /* Sources */ = {
			isa = PBXSourcesBuildPhase;
			buildActionMask = 2147483647;
			files = (
				E982555923720D1800E94770 /* kitchenTests.swift in Sources */,
			);
			runOnlyForDeploymentPostprocessing = 0;
		};
		E982555B23720D1800E94770 /* Sources */ = {
			isa = PBXSourcesBuildPhase;
			buildActionMask = 2147483647;
			files = (
				E982556423720D1800E94770 /* kitchenUITests.swift in Sources */,
			);
			runOnlyForDeploymentPostprocessing = 0;
		};
/* End PBXSourcesBuildPhase section */

/* Begin PBXTargetDependency section */
		E982555623720D1800E94770 /* PBXTargetDependency */ = {
			isa = PBXTargetDependency;
			target = E982553F23720D1200E94770 /* kitchen */;
			targetProxy = E982555523720D1800E94770 /* PBXContainerItemProxy */;
		};
		E982556123720D1800E94770 /* PBXTargetDependency */ = {
			isa = PBXTargetDependency;
			target = E982553F23720D1200E94770 /* kitchen */;
			targetProxy = E982556023720D1800E94770 /* PBXContainerItemProxy */;
		};
/* End PBXTargetDependency section */

/* Begin PBXVariantGroup section */
		E982554C23720D1800E94770 /* LaunchScreen.storyboard */ = {
			isa = PBXVariantGroup;
			children = (
				E982554D23720D1800E94770 /* Base */,
			);
			name = LaunchScreen.storyboard;
			sourceTree = "<group>";
		};
/* End PBXVariantGroup section */

/* Begin XCBuildConfiguration section */
		E982556623720D1800E94770 /* Debug */ = {
			isa = XCBuildConfiguration;
			buildSettings = {
				ALWAYS_SEARCH_USER_PATHS = NO;
				CLANG_ANALYZER_NONNULL = YES;
				CLANG_ANALYZER_NUMBER_OBJECT_CONVERSION = YES_AGGRESSIVE;
				CLANG_CXX_LANGUAGE_STANDARD = "gnu++14";
				CLANG_CXX_LIBRARY = "libc++";
				CLANG_ENABLE_MODULES = YES;
				CLANG_ENABLE_OBJC_ARC = YES;
				CLANG_ENABLE_OBJC_WEAK = YES;
				CLANG_WARN_BLOCK_CAPTURE_AUTORELEASING = YES;
				CLANG_WARN_BOOL_CONVERSION = YES;
				CLANG_WARN_COMMA = YES;
				CLANG_WARN_CONSTANT_CONVERSION = YES;
				CLANG_WARN_DEPRECATED_OBJC_IMPLEMENTATIONS = YES;
				CLANG_WARN_DIRECT_OBJC_ISA_USAGE = YES_ERROR;
				CLANG_WARN_DOCUMENTATION_COMMENTS = YES;
				CLANG_WARN_EMPTY_BODY = YES;
				CLANG_WARN_ENUM_CONVERSION = YES;
				CLANG_WARN_INFINITE_RECURSION = YES;
				CLANG_WARN_INT_CONVERSION = YES;
				CLANG_WARN_NON_LITERAL_NULL_CONVERSION = YES;
				CLANG_WARN_OBJC_IMPLICIT_RETAIN_SELF = YES;
				CLANG_WARN_OBJC_LITERAL_CONVERSION = YES;
				CLANG_WARN_OBJC_ROOT_CLASS = YES_ERROR;
				CLANG_WARN_RANGE_LOOP_ANALYSIS = YES;
				CLANG_WARN_STRICT_PROTOTYPES = YES;
				CLANG_WARN_SUSPICIOUS_MOVE = YES;
				CLANG_WARN_UNGUARDED_AVAILABILITY = YES_AGGRESSIVE;
				CLANG_WARN_UNREACHABLE_CODE = YES;
				CLANG_WARN__DUPLICATE_METHOD_MATCH = YES;
				COPY_PHASE_STRIP = NO;
				DEBUG_INFORMATION_FORMAT = dwarf;
				ENABLE_STRICT_OBJC_MSGSEND = YES;
				ENABLE_TESTABILITY = YES;
				GCC_C_LANGUAGE_STANDARD = gnu11;
				GCC_DYNAMIC_NO_PIC = NO;
				GCC_NO_COMMON_BLOCKS = YES;
				GCC_OPTIMIZATION_LEVEL = 0;
				GCC_PREPROCESSOR_DEFINITIONS = (
					"DEBUG=1",
					"$(inherited)",
				);
				GCC_WARN_64_TO_32_BIT_CONVERSION = YES;
				GCC_WARN_ABOUT_RETURN_TYPE = YES_ERROR;
				GCC_WARN_UNDECLARED_SELECTOR = YES;
				GCC_WARN_UNINITIALIZED_AUTOS = YES_AGGRESSIVE;
				GCC_WARN_UNUSED_FUNCTION = YES;
				GCC_WARN_UNUSED_VARIABLE = YES;
				MTL_ENABLE_DEBUG_INFO = INCLUDE_SOURCE;
				MTL_FAST_MATH = YES;
				ONLY_ACTIVE_ARCH = YES;
				SDKROOT = appletvos;
				SWIFT_ACTIVE_COMPILATION_CONDITIONS = DEBUG;
				SWIFT_OPTIMIZATION_LEVEL = "-Onone";
				TVOS_DEPLOYMENT_TARGET = 13.0;
			};
			name = Debug;
		};
		E982556723720D1800E94770 /* Release */ = {
			isa = XCBuildConfiguration;
			buildSettings = {
				ALWAYS_SEARCH_USER_PATHS = NO;
				CLANG_ANALYZER_NONNULL = YES;
				CLANG_ANALYZER_NUMBER_OBJECT_CONVERSION = YES_AGGRESSIVE;
				CLANG_CXX_LANGUAGE_STANDARD = "gnu++14";
				CLANG_CXX_LIBRARY = "libc++";
				CLANG_ENABLE_MODULES = YES;
				CLANG_ENABLE_OBJC_ARC = YES;
				CLANG_ENABLE_OBJC_WEAK = YES;
				CLANG_WARN_BLOCK_CAPTURE_AUTORELEASING = YES;
				CLANG_WARN_BOOL_CONVERSION = YES;
				CLANG_WARN_COMMA = YES;
				CLANG_WARN_CONSTANT_CONVERSION = YES;
				CLANG_WARN_DEPRECATED_OBJC_IMPLEMENTATIONS = YES;
				CLANG_WARN_DIRECT_OBJC_ISA_USAGE = YES_ERROR;
				CLANG_WARN_DOCUMENTATION_COMMENTS = YES;
				CLANG_WARN_EMPTY_BODY = YES;
				CLANG_WARN_ENUM_CONVERSION = YES;
				CLANG_WARN_INFINITE_RECURSION = YES;
				CLANG_WARN_INT_CONVERSION = YES;
				CLANG_WARN_NON_LITERAL_NULL_CONVERSION = YES;
				CLANG_WARN_OBJC_IMPLICIT_RETAIN_SELF = YES;
				CLANG_WARN_OBJC_LITERAL_CONVERSION = YES;
				CLANG_WARN_OBJC_ROOT_CLASS = YES_ERROR;
				CLANG_WARN_RANGE_LOOP_ANALYSIS = YES;
				CLANG_WARN_STRICT_PROTOTYPES = YES;
				CLANG_WARN_SUSPICIOUS_MOVE = YES;
				CLANG_WARN_UNGUARDED_AVAILABILITY = YES_AGGRESSIVE;
				CLANG_WARN_UNREACHABLE_CODE = YES;
				CLANG_WARN__DUPLICATE_METHOD_MATCH = YES;
				COPY_PHASE_STRIP = NO;
				DEBUG_INFORMATION_FORMAT = "dwarf-with-dsym";
				ENABLE_NS_ASSERTIONS = NO;
				ENABLE_STRICT_OBJC_MSGSEND = YES;
				GCC_C_LANGUAGE_STANDARD = gnu11;
				GCC_NO_COMMON_BLOCKS = YES;
				GCC_WARN_64_TO_32_BIT_CONVERSION = YES;
				GCC_WARN_ABOUT_RETURN_TYPE = YES_ERROR;
				GCC_WARN_UNDECLARED_SELECTOR = YES;
				GCC_WARN_UNINITIALIZED_AUTOS = YES_AGGRESSIVE;
				GCC_WARN_UNUSED_FUNCTION = YES;
				GCC_WARN_UNUSED_VARIABLE = YES;
				MTL_ENABLE_DEBUG_INFO = NO;
				MTL_FAST_MATH = YES;
				SDKROOT = appletvos;
				SWIFT_COMPILATION_MODE = wholemodule;
				SWIFT_OPTIMIZATION_LEVEL = "-O";
				TVOS_DEPLOYMENT_TARGET = 13.0;
				VALIDATE_PRODUCT = YES;
			};
			name = Release;
		};
		E982556923720D1800E94770 /* Debug */ = {
			isa = XCBuildConfiguration;
			buildSettings = {
				ASSETCATALOG_COMPILER_APPICON_NAME = "App Icon & Top Shelf Image";
				CODE_SIGN_STYLE = Automatic;
				DEVELOPMENT_ASSET_PATHS = "\"kitchen/Preview Content\"";
				DEVELOPMENT_TEAM = S4TW5ZFND9;
				ENABLE_PREVIEWS = YES;
				INFOPLIST_FILE = kitchen/Info.plist;
				LD_RUNPATH_SEARCH_PATHS = (
					"$(inherited)",
					"@executable_path/Frameworks",
				);
				PRODUCT_BUNDLE_IDENTIFIER = Istv.kitchen.test;
				PRODUCT_NAME = "$(TARGET_NAME)";
				SWIFT_VERSION = 5.0;
				TARGETED_DEVICE_FAMILY = 3;
			};
			name = Debug;
		};
		E982556A23720D1800E94770 /* Release */ = {
			isa = XCBuildConfiguration;
			buildSettings = {
				ASSETCATALOG_COMPILER_APPICON_NAME = "App Icon & Top Shelf Image";
				CODE_SIGN_STYLE = Automatic;
				DEVELOPMENT_ASSET_PATHS = "\"kitchen/Preview Content\"";
				DEVELOPMENT_TEAM = S4TW5ZFND9;
				ENABLE_PREVIEWS = YES;
				INFOPLIST_FILE = kitchen/Info.plist;
				LD_RUNPATH_SEARCH_PATHS = (
					"$(inherited)",
					"@executable_path/Frameworks",
				);
				PRODUCT_BUNDLE_IDENTIFIER = Istv.kitchen.test;
				PRODUCT_NAME = "$(TARGET_NAME)";
				SWIFT_VERSION = 5.0;
				TARGETED_DEVICE_FAMILY = 3;
			};
			name = Release;
		};
		E982556C23720D1800E94770 /* Debug */ = {
			isa = XCBuildConfiguration;
			buildSettings = {
				ALWAYS_EMBED_SWIFT_STANDARD_LIBRARIES = YES;
				BUNDLE_LOADER = "$(TEST_HOST)";
				CODE_SIGN_STYLE = Automatic;
				INFOPLIST_FILE = kitchenTests/Info.plist;
				LD_RUNPATH_SEARCH_PATHS = (
					"$(inherited)",
					"@executable_path/Frameworks",
					"@loader_path/Frameworks",
				);
				PRODUCT_BUNDLE_IDENTIFIER = Istv.kitchenTests;
				PRODUCT_NAME = "$(TARGET_NAME)";
				SWIFT_VERSION = 5.0;
				TARGETED_DEVICE_FAMILY = 3;
				TEST_HOST = "$(BUILT_PRODUCTS_DIR)/kitchen.app/kitchen";
				TVOS_DEPLOYMENT_TARGET = 13.0;
			};
			name = Debug;
		};
		E982556D23720D1800E94770 /* Release */ = {
			isa = XCBuildConfiguration;
			buildSettings = {
				ALWAYS_EMBED_SWIFT_STANDARD_LIBRARIES = YES;
				BUNDLE_LOADER = "$(TEST_HOST)";
				CODE_SIGN_STYLE = Automatic;
				INFOPLIST_FILE = kitchenTests/Info.plist;
				LD_RUNPATH_SEARCH_PATHS = (
					"$(inherited)",
					"@executable_path/Frameworks",
					"@loader_path/Frameworks",
				);
				PRODUCT_BUNDLE_IDENTIFIER = Istv.kitchenTests;
				PRODUCT_NAME = "$(TARGET_NAME)";
				SWIFT_VERSION = 5.0;
				TARGETED_DEVICE_FAMILY = 3;
				TEST_HOST = "$(BUILT_PRODUCTS_DIR)/kitchen.app/kitchen";
				TVOS_DEPLOYMENT_TARGET = 13.0;
			};
			name = Release;
		};
		E982556F23720D1800E94770 /* Debug */ = {
			isa = XCBuildConfiguration;
			buildSettings = {
				ALWAYS_EMBED_SWIFT_STANDARD_LIBRARIES = YES;
				CODE_SIGN_STYLE = Automatic;
				INFOPLIST_FILE = kitchenUITests/Info.plist;
				LD_RUNPATH_SEARCH_PATHS = (
					"$(inherited)",
					"@executable_path/Frameworks",
					"@loader_path/Frameworks",
				);
				PRODUCT_BUNDLE_IDENTIFIER = Istv.kitchenUITests;
				PRODUCT_NAME = "$(TARGET_NAME)";
				SWIFT_VERSION = 5.0;
				TARGETED_DEVICE_FAMILY = 3;
				TEST_TARGET_NAME = kitchen;
			};
			name = Debug;
		};
		E982557023720D1800E94770 /* Release */ = {
			isa = XCBuildConfiguration;
			buildSettings = {
				ALWAYS_EMBED_SWIFT_STANDARD_LIBRARIES = YES;
				CODE_SIGN_STYLE = Automatic;
				INFOPLIST_FILE = kitchenUITests/Info.plist;
				LD_RUNPATH_SEARCH_PATHS = (
					"$(inherited)",
					"@executable_path/Frameworks",
					"@loader_path/Frameworks",
				);
				PRODUCT_BUNDLE_IDENTIFIER = Istv.kitchenUITests;
				PRODUCT_NAME = "$(TARGET_NAME)";
				SWIFT_VERSION = 5.0;
				TARGETED_DEVICE_FAMILY = 3;
				TEST_TARGET_NAME = kitchen;
			};
			name = Release;
		};
/* End XCBuildConfiguration section */

/* Begin XCConfigurationList section */
		E982553B23720D1200E94770 /* Build configuration list for PBXProject "kitchen" */ = {
			isa = XCConfigurationList;
			buildConfigurations = (
				E982556623720D1800E94770 /* Debug */,
				E982556723720D1800E94770 /* Release */,
			);
			defaultConfigurationIsVisible = 0;
			defaultConfigurationName = Release;
		};
		E982556823720D1800E94770 /* Build configuration list for PBXNativeTarget "kitchen" */ = {
			isa = XCConfigurationList;
			buildConfigurations = (
				E982556923720D1800E94770 /* Debug */,
				E982556A23720D1800E94770 /* Release */,
			);
			defaultConfigurationIsVisible = 0;
			defaultConfigurationName = Release;
		};
		E982556B23720D1800E94770 /* Build configuration list for PBXNativeTarget "kitchenTests" */ = {
			isa = XCConfigurationList;
			buildConfigurations = (
				E982556C23720D1800E94770 /* Debug */,
				E982556D23720D1800E94770 /* Release */,
			);
			defaultConfigurationIsVisible = 0;
			defaultConfigurationName = Release;
		};
		E982556E23720D1800E94770 /* Build configuration list for PBXNativeTarget "kitchenUITests" */ = {
			isa = XCConfigurationList;
			buildConfigurations = (
				E982556F23720D1800E94770 /* Debug */,
				E982557023720D1800E94770 /* Release */,
			);
			defaultConfigurationIsVisible = 0;
			defaultConfigurationName = Release;
		};
/* End XCConfigurationList section */

/* Begin XCRemoteSwiftPackageReference section */
		E95F2CC923CC655900D3F87D /* XCRemoteSwiftPackageReference "Kingfisher" */ = {
			isa = XCRemoteSwiftPackageReference;
			repositoryURL = "https://github.com/onevcat/Kingfisher.git";
			requirement = {
				kind = upToNextMajorVersion;
				minimumVersion = 5.12.0;
			};
		};
/* End XCRemoteSwiftPackageReference section */

/* Begin XCSwiftPackageProductDependency section */
		E95F2CCA23CC655900D3F87D /* Kingfisher */ = {
			isa = XCSwiftPackageProductDependency;
			package = E95F2CC923CC655900D3F87D /* XCRemoteSwiftPackageReference "Kingfisher" */;
			productName = Kingfisher;
		};
		E95F2CCC23CC655900D3F87D /* KingfisherSwiftUI */ = {
			isa = XCSwiftPackageProductDependency;
			package = E95F2CC923CC655900D3F87D /* XCRemoteSwiftPackageReference "Kingfisher" */;
			productName = KingfisherSwiftUI;
		};
/* End XCSwiftPackageProductDependency section */
	};
	rootObject = E982553823720D1200E94770 /* Project object */;
}
